// !$*UTF8*$!
{
	archiveVersion = 1;
	classes = {
	};
	objectVersion = 55;
	objects = {

/* Begin PBXBuildFile section */
		EF0B1C23285120E600860391 /* AppDelegate.swift in Sources */ = {isa = PBXBuildFile; fileRef = EF0B1C22285120E600860391 /* AppDelegate.swift */; };
		EF0B1C25285120E600860391 /* SceneDelegate.swift in Sources */ = {isa = PBXBuildFile; fileRef = EF0B1C24285120E600860391 /* SceneDelegate.swift */; };
		EF0B1C27285120E600860391 /* ViewController.swift in Sources */ = {isa = PBXBuildFile; fileRef = EF0B1C26285120E600860391 /* ViewController.swift */; };
		EF0B1C2A285120E600860391 /* Main.storyboard in Resources */ = {isa = PBXBuildFile; fileRef = EF0B1C28285120E600860391 /* Main.storyboard */; };
		EF0B1C2C285120E900860391 /* Assets.xcassets in Resources */ = {isa = PBXBuildFile; fileRef = EF0B1C2B285120E900860391 /* Assets.xcassets */; };
		EF0B1C2F285120E900860391 /* LaunchScreen.storyboard in Resources */ = {isa = PBXBuildFile; fileRef = EF0B1C2D285120E900860391 /* LaunchScreen.storyboard */; };
		EF0B1C3A285120EA00860391 /* About_MeTests.swift in Sources */ = {isa = PBXBuildFile; fileRef = EF0B1C39285120EA00860391 /* About_MeTests.swift */; };
		EF0B1C44285120EA00860391 /* About_MeUITests.swift in Sources */ = {isa = PBXBuildFile; fileRef = EF0B1C43285120EA00860391 /* About_MeUITests.swift */; };
		EF0B1C46285120EA00860391 /* About_MeUITestsLaunchTests.swift in Sources */ = {isa = PBXBuildFile; fileRef = EF0B1C45285120EA00860391 /* About_MeUITestsLaunchTests.swift */; };
		EF0B1C972852718400860391 /* I_Got_Lost_In_His_Arms.wav in Resources */ = {isa = PBXBuildFile; fileRef = EF0B1C962852718300860391 /* I_Got_Lost_In_His_Arms.wav */; };
		EF0B1C99285273A500860391 /* Theater.swift in Sources */ = {isa = PBXBuildFile; fileRef = EF0B1C98285273A500860391 /* Theater.swift */; };
		EF0B1C9B2853023F00860391 /* bees.swift in Sources */ = {isa = PBXBuildFile; fileRef = EF0B1C9A2853023E00860391 /* bees.swift */; };
		EF0B1C9D285310C600860391 /* question1.swift in Sources */ = {isa = PBXBuildFile; fileRef = EF0B1C9C285310C500860391 /* question1.swift */; };
		EF0B1C9F2853170600860391 /* question2.swift in Sources */ = {isa = PBXBuildFile; fileRef = EF0B1C9E2853170500860391 /* question2.swift */; };
		EF0B1CA128531B7D00860391 /* question3.swift in Sources */ = {isa = PBXBuildFile; fileRef = EF0B1CA028531B7D00860391 /* question3.swift */; };
/* End PBXBuildFile section */

/* Begin PBXContainerItemProxy section */
		EF0B1C36285120EA00860391 /* PBXContainerItemProxy */ = {
			isa = PBXContainerItemProxy;
			containerPortal = EF0B1C17285120E600860391 /* Project object */;
			proxyType = 1;
			remoteGlobalIDString = EF0B1C1E285120E600860391;
			remoteInfo = "About Me";
		};
		EF0B1C40285120EA00860391 /* PBXContainerItemProxy */ = {
			isa = PBXContainerItemProxy;
			containerPortal = EF0B1C17285120E600860391 /* Project object */;
			proxyType = 1;
			remoteGlobalIDString = EF0B1C1E285120E600860391;
			remoteInfo = "About Me";
		};
/* End PBXContainerItemProxy section */

/* Begin PBXFileReference section */
		EF0B1C1F285120E600860391 /* About Me.app */ = {isa = PBXFileReference; explicitFileType = wrapper.application; includeInIndex = 0; path = "About Me.app"; sourceTree = BUILT_PRODUCTS_DIR; };
		EF0B1C22285120E600860391 /* AppDelegate.swift */ = {isa = PBXFileReference; lastKnownFileType = sourcecode.swift; path = AppDelegate.swift; sourceTree = "<group>"; };
		EF0B1C24285120E600860391 /* SceneDelegate.swift */ = {isa = PBXFileReference; lastKnownFileType = sourcecode.swift; path = SceneDelegate.swift; sourceTree = "<group>"; };
		EF0B1C26285120E600860391 /* ViewController.swift */ = {isa = PBXFileReference; lastKnownFileType = sourcecode.swift; path = ViewController.swift; sourceTree = "<group>"; };
		EF0B1C29285120E600860391 /* Base */ = {isa = PBXFileReference; lastKnownFileType = file.storyboard; name = Base; path = Base.lproj/Main.storyboard; sourceTree = "<group>"; };
		EF0B1C2B285120E900860391 /* Assets.xcassets */ = {isa = PBXFileReference; lastKnownFileType = folder.assetcatalog; path = Assets.xcassets; sourceTree = "<group>"; };
		EF0B1C2E285120E900860391 /* Base */ = {isa = PBXFileReference; lastKnownFileType = file.storyboard; name = Base; path = Base.lproj/LaunchScreen.storyboard; sourceTree = "<group>"; };
		EF0B1C30285120E900860391 /* Info.plist */ = {isa = PBXFileReference; lastKnownFileType = text.plist.xml; path = Info.plist; sourceTree = "<group>"; };
		EF0B1C35285120EA00860391 /* About MeTests.xctest */ = {isa = PBXFileReference; explicitFileType = wrapper.cfbundle; includeInIndex = 0; path = "About MeTests.xctest"; sourceTree = BUILT_PRODUCTS_DIR; };
		EF0B1C39285120EA00860391 /* About_MeTests.swift */ = {isa = PBXFileReference; lastKnownFileType = sourcecode.swift; path = About_MeTests.swift; sourceTree = "<group>"; };
		EF0B1C3F285120EA00860391 /* About MeUITests.xctest */ = {isa = PBXFileReference; explicitFileType = wrapper.cfbundle; includeInIndex = 0; path = "About MeUITests.xctest"; sourceTree = BUILT_PRODUCTS_DIR; };
		EF0B1C43285120EA00860391 /* About_MeUITests.swift */ = {isa = PBXFileReference; lastKnownFileType = sourcecode.swift; path = About_MeUITests.swift; sourceTree = "<group>"; };
		EF0B1C45285120EA00860391 /* About_MeUITestsLaunchTests.swift */ = {isa = PBXFileReference; lastKnownFileType = sourcecode.swift; path = About_MeUITestsLaunchTests.swift; sourceTree = "<group>"; };
		EF0B1C962852718300860391 /* I_Got_Lost_In_His_Arms.wav */ = {isa = PBXFileReference; lastKnownFileType = audio.wav; path = I_Got_Lost_In_His_Arms.wav; sourceTree = "<group>"; };
		EF0B1C98285273A500860391 /* Theater.swift */ = {isa = PBXFileReference; lastKnownFileType = sourcecode.swift; path = Theater.swift; sourceTree = "<group>"; };
		EF0B1C9A2853023E00860391 /* bees.swift */ = {isa = PBXFileReference; lastKnownFileType = sourcecode.swift; path = bees.swift; sourceTree = "<group>"; };
		EF0B1C9C285310C500860391 /* question1.swift */ = {isa = PBXFileReference; lastKnownFileType = sourcecode.swift; path = question1.swift; sourceTree = "<group>"; };
		EF0B1C9E2853170500860391 /* question2.swift */ = {isa = PBXFileReference; lastKnownFileType = sourcecode.swift; path = question2.swift; sourceTree = "<group>"; };
		EF0B1CA028531B7D00860391 /* question3.swift */ = {isa = PBXFileReference; lastKnownFileType = sourcecode.swift; path = question3.swift; sourceTree = "<group>"; };
/* End PBXFileReference section */

/* Begin PBXFrameworksBuildPhase section */
		EF0B1C1C285120E600860391 /* Frameworks */ = {
			isa = PBXFrameworksBuildPhase;
			buildActionMask = 2147483647;
			files = (
			);
			runOnlyForDeploymentPostprocessing = 0;
		};
		EF0B1C32285120EA00860391 /* Frameworks */ = {
			isa = PBXFrameworksBuildPhase;
			buildActionMask = 2147483647;
			files = (
			);
			runOnlyForDeploymentPostprocessing = 0;
		};
		EF0B1C3C285120EA00860391 /* Frameworks */ = {
			isa = PBXFrameworksBuildPhase;
			buildActionMask = 2147483647;
			files = (
			);
			runOnlyForDeploymentPostprocessing = 0;
		};
/* End PBXFrameworksBuildPhase section */

/* Begin PBXGroup section */
		EF0B1C16285120E600860391 = {
			isa = PBXGroup;
			children = (
				EF0B1C21285120E600860391 /* About Me */,
				EF0B1C38285120EA00860391 /* About MeTests */,
				EF0B1C42285120EA00860391 /* About MeUITests */,
				EF0B1C20285120E600860391 /* Products */,
			);
			sourceTree = "<group>";
		};
		EF0B1C20285120E600860391 /* Products */ = {
			isa = PBXGroup;
			children = (
				EF0B1C1F285120E600860391 /* About Me.app */,
				EF0B1C35285120EA00860391 /* About MeTests.xctest */,
				EF0B1C3F285120EA00860391 /* About MeUITests.xctest */,
			);
			name = Products;
			sourceTree = "<group>";
		};
		EF0B1C21285120E600860391 /* About Me */ = {
			isa = PBXGroup;
			children = (
				EF0B1C9E2853170500860391 /* question2.swift */,
				EF0B1C962852718300860391 /* I_Got_Lost_In_His_Arms.wav */,
				EF0B1C22285120E600860391 /* AppDelegate.swift */,
				EF0B1C24285120E600860391 /* SceneDelegate.swift */,
				EF0B1C26285120E600860391 /* ViewController.swift */,
				EF0B1C28285120E600860391 /* Main.storyboard */,
				EF0B1CA028531B7D00860391 /* question3.swift */,
				EF0B1C9C285310C500860391 /* question1.swift */,
				EF0B1C98285273A500860391 /* Theater.swift */,
				EF0B1C9A2853023E00860391 /* bees.swift */,
				EF0B1C2B285120E900860391 /* Assets.xcassets */,
				EF0B1C2D285120E900860391 /* LaunchScreen.storyboard */,
				EF0B1C30285120E900860391 /* Info.plist */,
			);
			path = "About Me";
			sourceTree = "<group>";
		};
		EF0B1C38285120EA00860391 /* About MeTests */ = {
			isa = PBXGroup;
			children = (
				EF0B1C39285120EA00860391 /* About_MeTests.swift */,
			);
			path = "About MeTests";
			sourceTree = "<group>";
		};
		EF0B1C42285120EA00860391 /* About MeUITests */ = {
			isa = PBXGroup;
			children = (
				EF0B1C43285120EA00860391 /* About_MeUITests.swift */,
				EF0B1C45285120EA00860391 /* About_MeUITestsLaunchTests.swift */,
			);
			path = "About MeUITests";
			sourceTree = "<group>";
		};
/* End PBXGroup section */

/* Begin PBXNativeTarget section */
		EF0B1C1E285120E600860391 /* About Me */ = {
			isa = PBXNativeTarget;
			buildConfigurationList = EF0B1C49285120EA00860391 /* Build configuration list for PBXNativeTarget "About Me" */;
			buildPhases = (
				EF0B1C1B285120E600860391 /* Sources */,
				EF0B1C1C285120E600860391 /* Frameworks */,
				EF0B1C1D285120E600860391 /* Resources */,
			);
			buildRules = (
			);
			dependencies = (
			);
			name = "About Me";
			productName = "About Me";
			productReference = EF0B1C1F285120E600860391 /* About Me.app */;
			productType = "com.apple.product-type.application";
		};
		EF0B1C34285120EA00860391 /* About MeTests */ = {
			isa = PBXNativeTarget;
			buildConfigurationList = EF0B1C4C285120EA00860391 /* Build configuration list for PBXNativeTarget "About MeTests" */;
			buildPhases = (
				EF0B1C31285120EA00860391 /* Sources */,
				EF0B1C32285120EA00860391 /* Frameworks */,
				EF0B1C33285120EA00860391 /* Resources */,
			);
			buildRules = (
			);
			dependencies = (
				EF0B1C37285120EA00860391 /* PBXTargetDependency */,
			);
			name = "About MeTests";
			productName = "About MeTests";
			productReference = EF0B1C35285120EA00860391 /* About MeTests.xctest */;
			productType = "com.apple.product-type.bundle.unit-test";
		};
		EF0B1C3E285120EA00860391 /* About MeUITests */ = {
			isa = PBXNativeTarget;
			buildConfigurationList = EF0B1C4F285120EA00860391 /* Build configuration list for PBXNativeTarget "About MeUITests" */;
			buildPhases = (
				EF0B1C3B285120EA00860391 /* Sources */,
				EF0B1C3C285120EA00860391 /* Frameworks */,
				EF0B1C3D285120EA00860391 /* Resources */,
			);
			buildRules = (
			);
			dependencies = (
				EF0B1C41285120EA00860391 /* PBXTargetDependency */,
			);
			name = "About MeUITests";
			productName = "About MeUITests";
			productReference = EF0B1C3F285120EA00860391 /* About MeUITests.xctest */;
			productType = "com.apple.product-type.bundle.ui-testing";
		};
/* End PBXNativeTarget section */

/* Begin PBXProject section */
		EF0B1C17285120E600860391 /* Project object */ = {
			isa = PBXProject;
			attributes = {
				BuildIndependentTargetsInParallel = 1;
				LastSwiftUpdateCheck = 1340;
				LastUpgradeCheck = 1340;
				TargetAttributes = {
					EF0B1C1E285120E600860391 = {
						CreatedOnToolsVersion = 13.4.1;
					};
					EF0B1C34285120EA00860391 = {
						CreatedOnToolsVersion = 13.4.1;
						TestTargetID = EF0B1C1E285120E600860391;
					};
					EF0B1C3E285120EA00860391 = {
						CreatedOnToolsVersion = 13.4.1;
						TestTargetID = EF0B1C1E285120E600860391;
					};
				};
			};
			buildConfigurationList = EF0B1C1A285120E600860391 /* Build configuration list for PBXProject "About Me" */;
			compatibilityVersion = "Xcode 13.0";
			developmentRegion = en;
			hasScannedForEncodings = 0;
			knownRegions = (
				en,
				Base,
			);
			mainGroup = EF0B1C16285120E600860391;
			productRefGroup = EF0B1C20285120E600860391 /* Products */;
			projectDirPath = "";
			projectRoot = "";
			targets = (
				EF0B1C1E285120E600860391 /* About Me */,
				EF0B1C34285120EA00860391 /* About MeTests */,
				EF0B1C3E285120EA00860391 /* About MeUITests */,
			);
		};
/* End PBXProject section */

/* Begin PBXResourcesBuildPhase section */
		EF0B1C1D285120E600860391 /* Resources */ = {
			isa = PBXResourcesBuildPhase;
			buildActionMask = 2147483647;
			files = (
				EF0B1C972852718400860391 /* I_Got_Lost_In_His_Arms.wav in Resources */,
				EF0B1C2F285120E900860391 /* LaunchScreen.storyboard in Resources */,
				EF0B1C2C285120E900860391 /* Assets.xcassets in Resources */,
				EF0B1C2A285120E600860391 /* Main.storyboard in Resources */,
			);
			runOnlyForDeploymentPostprocessing = 0;
		};
		EF0B1C33285120EA00860391 /* Resources */ = {
			isa = PBXResourcesBuildPhase;
			buildActionMask = 2147483647;
			files = (
			);
			runOnlyForDeploymentPostprocessing = 0;
		};
		EF0B1C3D285120EA00860391 /* Resources */ = {
			isa = PBXResourcesBuildPhase;
			buildActionMask = 2147483647;
			files = (
			);
			runOnlyForDeploymentPostprocessing = 0;
		};
/* End PBXResourcesBuildPhase section */

/* Begin PBXSourcesBuildPhase section */
		EF0B1C1B285120E600860391 /* Sources */ = {
			isa = PBXSourcesBuildPhase;
			buildActionMask = 2147483647;
			files = (
				EF0B1C27285120E600860391 /* ViewController.swift in Sources */,
				EF0B1C9D285310C600860391 /* question1.swift in Sources */,
				EF0B1C99285273A500860391 /* Theater.swift in Sources */,
				EF0B1C9F2853170600860391 /* question2.swift in Sources */,
				EF0B1C23285120E600860391 /* AppDelegate.swift in Sources */,
				EF0B1CA128531B7D00860391 /* question3.swift in Sources */,
				EF0B1C25285120E600860391 /* SceneDelegate.swift in Sources */,
				EF0B1C9B2853023F00860391 /* bees.swift in Sources */,
			);
			runOnlyForDeploymentPostprocessing = 0;
		};
		EF0B1C31285120EA00860391 /* Sources */ = {
			isa = PBXSourcesBuildPhase;
			buildActionMask = 2147483647;
			files = (
				EF0B1C3A285120EA00860391 /* About_MeTests.swift in Sources */,
			);
			runOnlyForDeploymentPostprocessing = 0;
		};
		EF0B1C3B285120EA00860391 /* Sources */ = {
			isa = PBXSourcesBuildPhase;
			buildActionMask = 2147483647;
			files = (
				EF0B1C46285120EA00860391 /* About_MeUITestsLaunchTests.swift in Sources */,
				EF0B1C44285120EA00860391 /* About_MeUITests.swift in Sources */,
			);
			runOnlyForDeploymentPostprocessing = 0;
		};
/* End PBXSourcesBuildPhase section */

/* Begin PBXTargetDependency section */
		EF0B1C37285120EA00860391 /* PBXTargetDependency */ = {
			isa = PBXTargetDependency;
			target = EF0B1C1E285120E600860391 /* About Me */;
			targetProxy = EF0B1C36285120EA00860391 /* PBXContainerItemProxy */;
		};
		EF0B1C41285120EA00860391 /* PBXTargetDependency */ = {
			isa = PBXTargetDependency;
			target = EF0B1C1E285120E600860391 /* About Me */;
			targetProxy = EF0B1C40285120EA00860391 /* PBXContainerItemProxy */;
		};
/* End PBXTargetDependency section */

/* Begin PBXVariantGroup section */
		EF0B1C28285120E600860391 /* Main.storyboard */ = {
			isa = PBXVariantGroup;
			children = (
				EF0B1C29285120E600860391 /* Base */,
			);
			name = Main.storyboard;
			sourceTree = "<group>";
		};
		EF0B1C2D285120E900860391 /* LaunchScreen.storyboard */ = {
			isa = PBXVariantGroup;
			children = (
				EF0B1C2E285120E900860391 /* Base */,
			);
			name = LaunchScreen.storyboard;
			sourceTree = "<group>";
		};
/* End PBXVariantGroup section */

/* Begin XCBuildConfiguration section */
		EF0B1C47285120EA00860391 /* Debug */ = {
			isa = XCBuildConfiguration;
			buildSettings = {
				ALWAYS_SEARCH_USER_PATHS = NO;
				CLANG_ANALYZER_NONNULL = YES;
				CLANG_ANALYZER_NUMBER_OBJECT_CONVERSION = YES_AGGRESSIVE;
				CLANG_CXX_LANGUAGE_STANDARD = "gnu++17";
				CLANG_ENABLE_MODULES = YES;
				CLANG_ENABLE_OBJC_ARC = YES;
				CLANG_ENABLE_OBJC_WEAK = YES;
				CLANG_WARN_BLOCK_CAPTURE_AUTORELEASING = YES;
				CLANG_WARN_BOOL_CONVERSION = YES;
				CLANG_WARN_COMMA = YES;
				CLANG_WARN_CONSTANT_CONVERSION = YES;
				CLANG_WARN_DEPRECATED_OBJC_IMPLEMENTATIONS = YES;
				CLANG_WARN_DIRECT_OBJC_ISA_USAGE = YES_ERROR;
				CLANG_WARN_DOCUMENTATION_COMMENTS = YES;
				CLANG_WARN_EMPTY_BODY = YES;
				CLANG_WARN_ENUM_CONVERSION = YES;
				CLANG_WARN_INFINITE_RECURSION = YES;
				CLANG_WARN_INT_CONVERSION = YES;
				CLANG_WARN_NON_LITERAL_NULL_CONVERSION = YES;
				CLANG_WARN_OBJC_IMPLICIT_RETAIN_SELF = YES;
				CLANG_WARN_OBJC_LITERAL_CONVERSION = YES;
				CLANG_WARN_OBJC_ROOT_CLASS = YES_ERROR;
				CLANG_WARN_QUOTED_INCLUDE_IN_FRAMEWORK_HEADER = YES;
				CLANG_WARN_RANGE_LOOP_ANALYSIS = YES;
				CLANG_WARN_STRICT_PROTOTYPES = YES;
				CLANG_WARN_SUSPICIOUS_MOVE = YES;
				CLANG_WARN_UNGUARDED_AVAILABILITY = YES_AGGRESSIVE;
				CLANG_WARN_UNREACHABLE_CODE = YES;
				CLANG_WARN__DUPLICATE_METHOD_MATCH = YES;
				COPY_PHASE_STRIP = NO;
				DEBUG_INFORMATION_FORMAT = dwarf;
				ENABLE_STRICT_OBJC_MSGSEND = YES;
				ENABLE_TESTABILITY = YES;
				GCC_C_LANGUAGE_STANDARD = gnu11;
				GCC_DYNAMIC_NO_PIC = NO;
				GCC_NO_COMMON_BLOCKS = YES;
				GCC_OPTIMIZATION_LEVEL = 0;
				GCC_PREPROCESSOR_DEFINITIONS = (
					"DEBUG=1",
					"$(inherited)",
				);
				GCC_WARN_64_TO_32_BIT_CONVERSION = YES;
				GCC_WARN_ABOUT_RETURN_TYPE = YES_ERROR;
				GCC_WARN_UNDECLARED_SELECTOR = YES;
				GCC_WARN_UNINITIALIZED_AUTOS = YES_AGGRESSIVE;
				GCC_WARN_UNUSED_FUNCTION = YES;
				GCC_WARN_UNUSED_VARIABLE = YES;
				IPHONEOS_DEPLOYMENT_TARGET = 15.5;
				MTL_ENABLE_DEBUG_INFO = INCLUDE_SOURCE;
				MTL_FAST_MATH = YES;
				ONLY_ACTIVE_ARCH = YES;
				SDKROOT = iphoneos;
				SWIFT_ACTIVE_COMPILATION_CONDITIONS = DEBUG;
				SWIFT_OPTIMIZATION_LEVEL = "-Onone";
			};
			name = Debug;
		};
		EF0B1C48285120EA00860391 /* Release */ = {
			isa = XCBuildConfiguration;
			buildSettings = {
				ALWAYS_SEARCH_USER_PATHS = NO;
				CLANG_ANALYZER_NONNULL = YES;
				CLANG_ANALYZER_NUMBER_OBJECT_CONVERSION = YES_AGGRESSIVE;
				CLANG_CXX_LANGUAGE_STANDARD = "gnu++17";
				CLANG_ENABLE_MODULES = YES;
				CLANG_ENABLE_OBJC_ARC = YES;
				CLANG_ENABLE_OBJC_WEAK = YES;
				CLANG_WARN_BLOCK_CAPTURE_AUTORELEASING = YES;
				CLANG_WARN_BOOL_CONVERSION = YES;
				CLANG_WARN_COMMA = YES;
				CLANG_WARN_CONSTANT_CONVERSION = YES;
				CLANG_WARN_DEPRECATED_OBJC_IMPLEMENTATIONS = YES;
				CLANG_WARN_DIRECT_OBJC_ISA_USAGE = YES_ERROR;
				CLANG_WARN_DOCUMENTATION_COMMENTS = YES;
				CLANG_WARN_EMPTY_BODY = YES;
				CLANG_WARN_ENUM_CONVERSION = YES;
				CLANG_WARN_INFINITE_RECURSION = YES;
				CLANG_WARN_INT_CONVERSION = YES;
				CLANG_WARN_NON_LITERAL_NULL_CONVERSION = YES;
				CLANG_WARN_OBJC_IMPLICIT_RETAIN_SELF = YES;
				CLANG_WARN_OBJC_LITERAL_CONVERSION = YES;
				CLANG_WARN_OBJC_ROOT_CLASS = YES_ERROR;
				CLANG_WARN_QUOTED_INCLUDE_IN_FRAMEWORK_HEADER = YES;
				CLANG_WARN_RANGE_LOOP_ANALYSIS = YES;
				CLANG_WARN_STRICT_PROTOTYPES = YES;
				CLANG_WARN_SUSPICIOUS_MOVE = YES;
				CLANG_WARN_UNGUARDED_AVAILABILITY = YES_AGGRESSIVE;
				CLANG_WARN_UNREACHABLE_CODE = YES;
				CLANG_WARN__DUPLICATE_METHOD_MATCH = YES;
				COPY_PHASE_STRIP = NO;
				DEBUG_INFORMATION_FORMAT = "dwarf-with-dsym";
				ENABLE_NS_ASSERTIONS = NO;
				ENABLE_STRICT_OBJC_MSGSEND = YES;
				GCC_C_LANGUAGE_STANDARD = gnu11;
				GCC_NO_COMMON_BLOCKS = YES;
				GCC_WARN_64_TO_32_BIT_CONVERSION = YES;
				GCC_WARN_ABOUT_RETURN_TYPE = YES_ERROR;
				GCC_WARN_UNDECLARED_SELECTOR = YES;
				GCC_WARN_UNINITIALIZED_AUTOS = YES_AGGRESSIVE;
				GCC_WARN_UNUSED_FUNCTION = YES;
				GCC_WARN_UNUSED_VARIABLE = YES;
				IPHONEOS_DEPLOYMENT_TARGET = 15.5;
				MTL_ENABLE_DEBUG_INFO = NO;
				MTL_FAST_MATH = YES;
				SDKROOT = iphoneos;
				SWIFT_COMPILATION_MODE = wholemodule;
				SWIFT_OPTIMIZATION_LEVEL = "-O";
				VALIDATE_PRODUCT = YES;
			};
			name = Release;
		};
		EF0B1C4A285120EA00860391 /* Debug */ = {
			isa = XCBuildConfiguration;
			buildSettings = {
				ASSETCATALOG_COMPILER_APPICON_NAME = AppIcon;
				ASSETCATALOG_COMPILER_GLOBAL_ACCENT_COLOR_NAME = AccentColor;
				CODE_SIGN_STYLE = Automatic;
				CURRENT_PROJECT_VERSION = 1;
				GENERATE_INFOPLIST_FILE = YES;
				INFOPLIST_FILE = "About Me/Info.plist";
				INFOPLIST_KEY_UIApplicationSupportsIndirectInputEvents = YES;
				INFOPLIST_KEY_UILaunchStoryboardName = LaunchScreen;
				INFOPLIST_KEY_UIMainStoryboardFile = Main;
				INFOPLIST_KEY_UISupportedInterfaceOrientations_iPad = "UIInterfaceOrientationPortrait UIInterfaceOrientationPortraitUpsideDown UIInterfaceOrientationLandscapeLeft UIInterfaceOrientationLandscapeRight";
				INFOPLIST_KEY_UISupportedInterfaceOrientations_iPhone = "UIInterfaceOrientationPortrait UIInterfaceOrientationLandscapeLeft UIInterfaceOrientationLandscapeRight";
				LD_RUNPATH_SEARCH_PATHS = (
					"$(inherited)",
					"@executable_path/Frameworks",
				);
				MARKETING_VERSION = 1.0;
				PRODUCT_BUNDLE_IDENTIFIER = "AnaHuesa.About-Me";
				PRODUCT_NAME = "$(TARGET_NAME)";
				SWIFT_EMIT_LOC_STRINGS = YES;
				SWIFT_VERSION = 5.0;
				TARGETED_DEVICE_FAMILY = "1,2";
			};
			name = Debug;
		};
		EF0B1C4B285120EA00860391 /* Release */ = {
			isa = XCBuildConfiguration;
			buildSettings = {
				ASSETCATALOG_COMPILER_APPICON_NAME = AppIcon;
				ASSETCATALOG_COMPILER_GLOBAL_ACCENT_COLOR_NAME = AccentColor;
				CODE_SIGN_STYLE = Automatic;
				CURRENT_PROJECT_VERSION = 1;
				GENERATE_INFOPLIST_FILE = YES;
				INFOPLIST_FILE = "About Me/Info.plist";
				INFOPLIST_KEY_UIApplicationSupportsIndirectInputEvents = YES;
				INFOPLIST_KEY_UILaunchStoryboardName = LaunchScreen;
				INFOPLIST_KEY_UIMainStoryboardFile = Main;
				INFOPLIST_KEY_UISupportedInterfaceOrientations_iPad = "UIInterfaceOrientationPortrait UIInterfaceOrientationPortraitUpsideDown UIInterfaceOrientationLandscapeLeft UIInterfaceOrientationLandscapeRight";
				INFOPLIST_KEY_UISupportedInterfaceOrientations_iPhone = "UIInterfaceOrientationPortrait UIInterfaceOrientationLandscapeLeft UIInterfaceOrientationLandscapeRight";
				LD_RUNPATH_SEARCH_PATHS = (
					"$(inherited)",
					"@executable_path/Frameworks",
				);
				MARKETING_VERSION = 1.0;
				PRODUCT_BUNDLE_IDENTIFIER = "AnaHuesa.About-Me";
				PRODUCT_NAME = "$(TARGET_NAME)";
				SWIFT_EMIT_LOC_STRINGS = YES;
				SWIFT_VERSION = 5.0;
				TARGETED_DEVICE_FAMILY = "1,2";
			};
			name = Release;
		};
		EF0B1C4D285120EA00860391 /* Debug */ = {
			isa = XCBuildConfiguration;
			buildSettings = {
				ALWAYS_EMBED_SWIFT_STANDARD_LIBRARIES = YES;
				BUNDLE_LOADER = "$(TEST_HOST)";
				CODE_SIGN_STYLE = Automatic;
				CURRENT_PROJECT_VERSION = 1;
				GENERATE_INFOPLIST_FILE = YES;
				IPHONEOS_DEPLOYMENT_TARGET = 15.5;
				MARKETING_VERSION = 1.0;
				PRODUCT_BUNDLE_IDENTIFIER = "AnaHuesa.About-MeTests";
				PRODUCT_NAME = "$(TARGET_NAME)";
				SWIFT_EMIT_LOC_STRINGS = NO;
				SWIFT_VERSION = 5.0;
				TARGETED_DEVICE_FAMILY = "1,2";
				TEST_HOST = "$(BUILT_PRODUCTS_DIR)/About Me.app/About Me";
			};
			name = Debug;
		};
		EF0B1C4E285120EA00860391 /* Release */ = {
			isa = XCBuildConfiguration;
			buildSettings = {
				ALWAYS_EMBED_SWIFT_STANDARD_LIBRARIES = YES;
				BUNDLE_LOADER = "$(TEST_HOST)";
				CODE_SIGN_STYLE = Automatic;
				CURRENT_PROJECT_VERSION = 1;
				GENERATE_INFOPLIST_FILE = YES;
				IPHONEOS_DEPLOYMENT_TARGET = 15.5;
				MARKETING_VERSION = 1.0;
				PRODUCT_BUNDLE_IDENTIFIER = "AnaHuesa.About-MeTests";
				PRODUCT_NAME = "$(TARGET_NAME)";
				SWIFT_EMIT_LOC_STRINGS = NO;
				SWIFT_VERSION = 5.0;
				TARGETED_DEVICE_FAMILY = "1,2";
				TEST_HOST = "$(BUILT_PRODUCTS_DIR)/About Me.app/About Me";
			};
			name = Release;
		};
		EF0B1C50285120EA00860391 /* Debug */ = {
			isa = XCBuildConfiguration;
			buildSettings = {
				ALWAYS_EMBED_SWIFT_STANDARD_LIBRARIES = YES;
				CODE_SIGN_STYLE = Automatic;
				CURRENT_PROJECT_VERSION = 1;
				GENERATE_INFOPLIST_FILE = YES;
				MARKETING_VERSION = 1.0;
				PRODUCT_BUNDLE_IDENTIFIER = "AnaHuesa.About-MeUITests";
				PRODUCT_NAME = "$(TARGET_NAME)";
				SWIFT_EMIT_LOC_STRINGS = NO;
				SWIFT_VERSION = 5.0;
				TARGETED_DEVICE_FAMILY = "1,2";
				TEST_TARGET_NAME = "About Me";
			};
			name = Debug;
		};
		EF0B1C51285120EA00860391 /* Release */ = {
			isa = XCBuildConfiguration;
			buildSettings = {
				ALWAYS_EMBED_SWIFT_STANDARD_LIBRARIES = YES;
				CODE_SIGN_STYLE = Automatic;
				CURRENT_PROJECT_VERSION = 1;
				GENERATE_INFOPLIST_FILE = YES;
				MARKETING_VERSION = 1.0;
				PRODUCT_BUNDLE_IDENTIFIER = "AnaHuesa.About-MeUITests";
				PRODUCT_NAME = "$(TARGET_NAME)";
				SWIFT_EMIT_LOC_STRINGS = NO;
				SWIFT_VERSION = 5.0;
				TARGETED_DEVICE_FAMILY = "1,2";
				TEST_TARGET_NAME = "About Me";
			};
			name = Release;
		};
/* End XCBuildConfiguration section */

/* Begin XCConfigurationList section */
		EF0B1C1A285120E600860391 /* Build configuration list for PBXProject "About Me" */ = {
			isa = XCConfigurationList;
			buildConfigurations = (
				EF0B1C47285120EA00860391 /* Debug */,
				EF0B1C48285120EA00860391 /* Release */,
			);
			defaultConfigurationIsVisible = 0;
			defaultConfigurationName = Release;
		};
		EF0B1C49285120EA00860391 /* Build configuration list for PBXNativeTarget "About Me" */ = {
			isa = XCConfigurationList;
			buildConfigurations = (
				EF0B1C4A285120EA00860391 /* Debug */,
				EF0B1C4B285120EA00860391 /* Release */,
			);
			defaultConfigurationIsVisible = 0;
			defaultConfigurationName = Release;
		};
		EF0B1C4C285120EA00860391 /* Build configuration list for PBXNativeTarget "About MeTests" */ = {
			isa = XCConfigurationList;
			buildConfigurations = (
				EF0B1C4D285120EA00860391 /* Debug */,
				EF0B1C4E285120EA00860391 /* Release */,
			);
			defaultConfigurationIsVisible = 0;
			defaultConfigurationName = Release;
		};
		EF0B1C4F285120EA00860391 /* Build configuration list for PBXNativeTarget "About MeUITests" */ = {
			isa = XCConfigurationList;
			buildConfigurations = (
				EF0B1C50285120EA00860391 /* Debug */,
				EF0B1C51285120EA00860391 /* Release */,
			);
			defaultConfigurationIsVisible = 0;
			defaultConfigurationName = Release;
		};
/* End XCConfigurationList section */
	};
	rootObject = EF0B1C17285120E600860391 /* Project object */;
}
